
Microsoft Visual Studio Solution File, Format Version 12.00
# Visual Studio Version 17
VisualStudioVersion = 17.14.36518.9 d17.14
MinimumVisualStudioVersion = 10.0.40219.1
Project("{FAE04EC0-301F-11D3-BF4B-00C04F79EFBC}") = "ThesisCourse 4", "ThesisCourse 4\ThesisCourse 4.csproj", "{D68C1350-5832-466F-BCFF-30AE738742C8}"
EndProject
Global
	GlobalSection(SolutionConfigurationPlatforms) = preSolution
		Debug|Any CPU = Debug|Any CPU
		Release|Any CPU = Release|Any CPU
	EndGlobalSection
	GlobalSection(ProjectConfigurationPlatforms) = postSolution
		{D68C1350-5832-466F-BCFF-30AE738742C8}.Debug|Any CPU.ActiveCfg = Debug|Any CPU
		{D68C1350-5832-466F-BCFF-30AE738742C8}.Debug|Any CPU.Build.0 = Debug|Any CPU
		{D68C1350-5832-466F-BCFF-30AE738742C8}.Release|Any CPU.ActiveCfg = Release|Any CPU
		{D68C1350-5832-466F-BCFF-30AE738742C8}.Release|Any CPU.Build.0 = Release|Any CPU
	EndGlobalSection
	GlobalSection(SolutionProperties) = preSolution
		HideSolutionNode = FALSE
	EndGlobalSection
	GlobalSection(ExtensibilityGlobals) = postSolution
		SolutionGuid = {44F903F0-AB8F-4A73-AF3B-28D7A74E020B}
	EndGlobalSection
EndGlobal
